
Microsoft Visual Studio Solution File, Format Version 12.00
# Visual Studio Version 16
VisualStudioVersion = 16.0.31624.102
MinimumVisualStudioVersion = 10.0.40219.1
Project("{FAE04EC0-301F-11D3-BF4B-00C04F79EFBC}") = "ProjectQuanLyThuVien", "ProjectQuanLyThuVien\ProjectQuanLyThuVien.csproj", "{4A87BB14-F29C-4188-91EE-12491BE4E556}"
EndProject
Global
	GlobalSection(SolutionConfigurationPlatforms) = preSolution
		Debug|Any CPU = Debug|Any CPU
		Release|Any CPU = Release|Any CPU
	EndGlobalSection
	GlobalSection(ProjectConfigurationPlatforms) = postSolution
		{4A87BB14-F29C-4188-91EE-12491BE4E556}.Debug|Any CPU.ActiveCfg = Debug|Any CPU
		{4A87BB14-F29C-4188-91EE-12491BE4E556}.Debug|Any CPU.Build.0 = Debug|Any CPU
		{4A87BB14-F29C-4188-91EE-12491BE4E556}.Release|Any CPU.ActiveCfg = Release|Any CPU
		{4A87BB14-F29C-4188-91EE-12491BE4E556}.Release|Any CPU.Build.0 = Release|Any CPU
	EndGlobalSection
	GlobalSection(SolutionProperties) = preSolution
		HideSolutionNode = FALSE
	EndGlobalSection
	GlobalSection(ExtensibilityGlobals) = postSolution
		SolutionGuid = {56698634-F86A-43B1-9C69-A1D3AF117B0E}
	EndGlobalSection
EndGlobal
